
Microsoft Visual Studio Solution File, Format Version 12.00
# Visual Studio 14
VisualStudioVersion = 14.0.24720.0
MinimumVisualStudioVersion = 10.0.40219.1
Project("{FAE04EC0-301F-11D3-BF4B-00C04F79EFBC}") = "MobileStore.Domain", "ClassLibrary1\MobileStore.Domain.csproj", "{C8B4DF7E-E38B-4E40-9492-B6B6C11B10B3}"
EndProject
Project("{FAE04EC0-301F-11D3-BF4B-00C04F79EFBC}") = "MobileStore.WebUI", "MobileStore.WebUI\MobileStore.WebUI.csproj", "{3A8668E8-0135-4246-9671-D9233B54371F}"
EndProject
Project("{FAE04EC0-301F-11D3-BF4B-00C04F79EFBC}") = "MobileStore.UnitTests", "MobileStore.UnitTests\MobileStore.UnitTests.csproj", "{B985F7D7-DEC8-4F80-AE76-5648991CBCFA}"
EndProject
Global
	GlobalSection(SolutionConfigurationPlatforms) = preSolution
		Debug|Any CPU = Debug|Any CPU
		Release|Any CPU = Release|Any CPU
	EndGlobalSection
	GlobalSection(ProjectConfigurationPlatforms) = postSolution
		{C8B4DF7E-E38B-4E40-9492-B6B6C11B10B3}.Debug|Any CPU.ActiveCfg = Debug|Any CPU
		{C8B4DF7E-E38B-4E40-9492-B6B6C11B10B3}.Debug|Any CPU.Build.0 = Debug|Any CPU
		{C8B4DF7E-E38B-4E40-9492-B6B6C11B10B3}.Release|Any CPU.ActiveCfg = Release|Any CPU
		{C8B4DF7E-E38B-4E40-9492-B6B6C11B10B3}.Release|Any CPU.Build.0 = Release|Any CPU
		{3A8668E8-0135-4246-9671-D9233B54371F}.Debug|Any CPU.ActiveCfg = Debug|Any CPU
		{3A8668E8-0135-4246-9671-D9233B54371F}.Debug|Any CPU.Build.0 = Debug|Any CPU
		{3A8668E8-0135-4246-9671-D9233B54371F}.Release|Any CPU.ActiveCfg = Release|Any CPU
		{3A8668E8-0135-4246-9671-D9233B54371F}.Release|Any CPU.Build.0 = Release|Any CPU
		{B985F7D7-DEC8-4F80-AE76-5648991CBCFA}.Debug|Any CPU.ActiveCfg = Debug|Any CPU
		{B985F7D7-DEC8-4F80-AE76-5648991CBCFA}.Debug|Any CPU.Build.0 = Debug|Any CPU
		{B985F7D7-DEC8-4F80-AE76-5648991CBCFA}.Release|Any CPU.ActiveCfg = Release|Any CPU
		{B985F7D7-DEC8-4F80-AE76-5648991CBCFA}.Release|Any CPU.Build.0 = Release|Any CPU
	EndGlobalSection
	GlobalSection(SolutionProperties) = preSolution
		HideSolutionNode = FALSE
	EndGlobalSection
EndGlobal
